PODS:
  - AWSCore (2.12.6)
  - AWSS3 (2.12.6):
    - AWSCore (= 2.12.6)

DEPENDENCIES:
  - AWSS3

SPEC REPOS:
  trunk:
    - AWSCore
    - AWSS3

SPEC CHECKSUMS:
  AWSCore: 48bb8d477d8137377e86b2ade9eb34a761f42df5
  AWSS3: 2850ae43b735697fdd0d0a4df40836cd6ac465ec

PODFILE CHECKSUM: 7b1b9a8c904587e86b61974de91e7a7c270f16ad

COCOAPODS: 1.8.4
